// !$*UTF8*$!
{
	archiveVersion = 1;
	classes = {
	};
	objectVersion = 50;
	objects = {

/* Begin PBXBuildFile section */
		4F00AAC41228160F85DA9B86 /* Pods_Domicile.framework in Frameworks */ = {isa = PBXBuildFile; fileRef = 942EC9C82A5CB36F98116B19 /* Pods_Domicile.framework */; };
		6608CBB520AAFD7E00DEE820 /* AppDelegate.swift in Sources */ = {isa = PBXBuildFile; fileRef = 6608CBB420AAFD7E00DEE820 /* AppDelegate.swift */; };
		6608CBB720AAFD7E00DEE820 /* ViewController.swift in Sources */ = {isa = PBXBuildFile; fileRef = 6608CBB620AAFD7E00DEE820 /* ViewController.swift */; };
		6608CBBA20AAFD7E00DEE820 /* Main.storyboard in Resources */ = {isa = PBXBuildFile; fileRef = 6608CBB820AAFD7E00DEE820 /* Main.storyboard */; };
		6608CBBC20AAFD8200DEE820 /* Assets.xcassets in Resources */ = {isa = PBXBuildFile; fileRef = 6608CBBB20AAFD8200DEE820 /* Assets.xcassets */; };
		6608CBBF20AAFD8200DEE820 /* LaunchScreen.storyboard in Resources */ = {isa = PBXBuildFile; fileRef = 6608CBBD20AAFD8200DEE820 /* LaunchScreen.storyboard */; };
		6608CBCA20AAFD8300DEE820 /* DomicileTests.swift in Sources */ = {isa = PBXBuildFile; fileRef = 6608CBC920AAFD8300DEE820 /* DomicileTests.swift */; };
		6608CBD520AAFD8300DEE820 /* DomicileUITests.swift in Sources */ = {isa = PBXBuildFile; fileRef = 6608CBD420AAFD8300DEE820 /* DomicileUITests.swift */; };
		6608CBE520ABD23C00DEE820 /* GoogleService-Info.plist in Resources */ = {isa = PBXBuildFile; fileRef = 6608CBE420ABD23C00DEE820 /* GoogleService-Info.plist */; };
		66388F9520B0FBB600C7C92A /* DetailView.swift in Sources */ = {isa = PBXBuildFile; fileRef = 66388F9420B0FBB600C7C92A /* DetailView.swift */; };
		66388F9C20B25E1100C7C92A /* TableViewController.swift in Sources */ = {isa = PBXBuildFile; fileRef = 66388F9B20B25E1100C7C92A /* TableViewController.swift */; };
		66388F9F20B3B7D200C7C92A /* Model.xcdatamodeld in Sources */ = {isa = PBXBuildFile; fileRef = 66388F9D20B3B7D200C7C92A /* Model.xcdatamodeld */; };
		66388FA120B3E37E00C7C92A /* House.swift in Sources */ = {isa = PBXBuildFile; fileRef = 66388FA020B3E37E00C7C92A /* House.swift */; };
		664D125320B4031700FD604E /* ResigterViewController.swift in Sources */ = {isa = PBXBuildFile; fileRef = 664D125220B4031700FD604E /* ResigterViewController.swift */; };
		664D125520B4072300FD604E /* AlertController.swift in Sources */ = {isa = PBXBuildFile; fileRef = 664D125420B4072300FD604E /* AlertController.swift */; };
		669FA2DA20BA6CA20017AF1A /* AddEvent.swift in Sources */ = {isa = PBXBuildFile; fileRef = 669FA2D820BA6CA20017AF1A /* AddEvent.swift */; };
		74BFFB4A183B4BC5A4B4E271 /* Pods_DomicileUITests.framework in Frameworks */ = {isa = PBXBuildFile; fileRef = 9A58745D1BDA728BFF4F94D7 /* Pods_DomicileUITests.framework */; };
		A47E97D2D0062ECD2CA0B4DF /* Pods_DomicileTests.framework in Frameworks */ = {isa = PBXBuildFile; fileRef = 446FBE8ACE4640FB16921FC8 /* Pods_DomicileTests.framework */; };
/* End PBXBuildFile section */

/* Begin PBXContainerItemProxy section */
		6608CBC620AAFD8300DEE820 /* PBXContainerItemProxy */ = {
			isa = PBXContainerItemProxy;
			containerPortal = 6608CBA920AAFD7E00DEE820 /* Project object */;
			proxyType = 1;
			remoteGlobalIDString = 6608CBB020AAFD7E00DEE820;
			remoteInfo = Domicile;
		};
		6608CBD120AAFD8300DEE820 /* PBXContainerItemProxy */ = {
			isa = PBXContainerItemProxy;
			containerPortal = 6608CBA920AAFD7E00DEE820 /* Project object */;
			proxyType = 1;
			remoteGlobalIDString = 6608CBB020AAFD7E00DEE820;
			remoteInfo = Domicile;
		};
/* End PBXContainerItemProxy section */

/* Begin PBXFileReference section */
		03363DC85AA5DC67096A1819 /* Pods-DomicileUITests.debug.xcconfig */ = {isa = PBXFileReference; includeInIndex = 1; lastKnownFileType = text.xcconfig; name = "Pods-DomicileUITests.debug.xcconfig"; path = "Pods/Target Support Files/Pods-DomicileUITests/Pods-DomicileUITests.debug.xcconfig"; sourceTree = "<group>"; };
		446FBE8ACE4640FB16921FC8 /* Pods_DomicileTests.framework */ = {isa = PBXFileReference; explicitFileType = wrapper.framework; includeInIndex = 0; path = Pods_DomicileTests.framework; sourceTree = BUILT_PRODUCTS_DIR; };
		6608CBB120AAFD7E00DEE820 /* Domicile.app */ = {isa = PBXFileReference; explicitFileType = wrapper.application; includeInIndex = 0; path = Domicile.app; sourceTree = BUILT_PRODUCTS_DIR; };
		6608CBB420AAFD7E00DEE820 /* AppDelegate.swift */ = {isa = PBXFileReference; lastKnownFileType = sourcecode.swift; path = AppDelegate.swift; sourceTree = "<group>"; };
		6608CBB620AAFD7E00DEE820 /* ViewController.swift */ = {isa = PBXFileReference; lastKnownFileType = sourcecode.swift; path = ViewController.swift; sourceTree = "<group>"; };
		6608CBB920AAFD7E00DEE820 /* Base */ = {isa = PBXFileReference; lastKnownFileType = file.storyboard; name = Base; path = Base.lproj/Main.storyboard; sourceTree = "<group>"; };
		6608CBBB20AAFD8200DEE820 /* Assets.xcassets */ = {isa = PBXFileReference; lastKnownFileType = folder.assetcatalog; path = Assets.xcassets; sourceTree = "<group>"; };
		6608CBBE20AAFD8200DEE820 /* Base */ = {isa = PBXFileReference; lastKnownFileType = file.storyboard; name = Base; path = Base.lproj/LaunchScreen.storyboard; sourceTree = "<group>"; };
		6608CBC020AAFD8200DEE820 /* Info.plist */ = {isa = PBXFileReference; lastKnownFileType = text.plist.xml; path = Info.plist; sourceTree = "<group>"; };
		6608CBC520AAFD8300DEE820 /* DomicileTests.xctest */ = {isa = PBXFileReference; explicitFileType = wrapper.cfbundle; includeInIndex = 0; path = DomicileTests.xctest; sourceTree = BUILT_PRODUCTS_DIR; };
		6608CBC920AAFD8300DEE820 /* DomicileTests.swift */ = {isa = PBXFileReference; lastKnownFileType = sourcecode.swift; path = DomicileTests.swift; sourceTree = "<group>"; };
		6608CBCB20AAFD8300DEE820 /* Info.plist */ = {isa = PBXFileReference; lastKnownFileType = text.plist.xml; path = Info.plist; sourceTree = "<group>"; };
		6608CBD020AAFD8300DEE820 /* DomicileUITests.xctest */ = {isa = PBXFileReference; explicitFileType = wrapper.cfbundle; includeInIndex = 0; path = DomicileUITests.xctest; sourceTree = BUILT_PRODUCTS_DIR; };
		6608CBD420AAFD8300DEE820 /* DomicileUITests.swift */ = {isa = PBXFileReference; lastKnownFileType = sourcecode.swift; path = DomicileUITests.swift; sourceTree = "<group>"; };
		6608CBD620AAFD8300DEE820 /* Info.plist */ = {isa = PBXFileReference; lastKnownFileType = text.plist.xml; path = Info.plist; sourceTree = "<group>"; };
		6608CBE420ABD23C00DEE820 /* GoogleService-Info.plist */ = {isa = PBXFileReference; fileEncoding = 4; lastKnownFileType = text.plist.xml; path = "GoogleService-Info.plist"; sourceTree = "<group>"; };
		66388F9420B0FBB600C7C92A /* DetailView.swift */ = {isa = PBXFileReference; lastKnownFileType = sourcecode.swift; path = DetailView.swift; sourceTree = "<group>"; };
		66388F9B20B25E1100C7C92A /* TableViewController.swift */ = {isa = PBXFileReference; lastKnownFileType = sourcecode.swift; path = TableViewController.swift; sourceTree = "<group>"; };
		66388F9E20B3B7D200C7C92A /* Model.xcdatamodel */ = {isa = PBXFileReference; lastKnownFileType = wrapper.xcdatamodel; path = Model.xcdatamodel; sourceTree = "<group>"; };
		66388FA020B3E37E00C7C92A /* House.swift */ = {isa = PBXFileReference; lastKnownFileType = sourcecode.swift; path = House.swift; sourceTree = "<group>"; };
		664D125220B4031700FD604E /* ResigterViewController.swift */ = {isa = PBXFileReference; lastKnownFileType = sourcecode.swift; path = ResigterViewController.swift; sourceTree = "<group>"; };
		664D125420B4072300FD604E /* AlertController.swift */ = {isa = PBXFileReference; lastKnownFileType = sourcecode.swift; path = AlertController.swift; sourceTree = "<group>"; };
		669FA2D820BA6CA20017AF1A /* AddEvent.swift */ = {isa = PBXFileReference; lastKnownFileType = sourcecode.swift; path = AddEvent.swift; sourceTree = "<group>"; };
		7C9F0ED2D306531EACD72643 /* Pods-DomicileTests.debug.xcconfig */ = {isa = PBXFileReference; includeInIndex = 1; lastKnownFileType = text.xcconfig; name = "Pods-DomicileTests.debug.xcconfig"; path = "Pods/Target Support Files/Pods-DomicileTests/Pods-DomicileTests.debug.xcconfig"; sourceTree = "<group>"; };
		942EC9C82A5CB36F98116B19 /* Pods_Domicile.framework */ = {isa = PBXFileReference; explicitFileType = wrapper.framework; includeInIndex = 0; path = Pods_Domicile.framework; sourceTree = BUILT_PRODUCTS_DIR; };
		9A58745D1BDA728BFF4F94D7 /* Pods_DomicileUITests.framework */ = {isa = PBXFileReference; explicitFileType = wrapper.framework; includeInIndex = 0; path = Pods_DomicileUITests.framework; sourceTree = BUILT_PRODUCTS_DIR; };
		A0E67A0C68B834CBA4FE64C1 /* Pods-Domicile.debug.xcconfig */ = {isa = PBXFileReference; includeInIndex = 1; lastKnownFileType = text.xcconfig; name = "Pods-Domicile.debug.xcconfig"; path = "Pods/Target Support Files/Pods-Domicile/Pods-Domicile.debug.xcconfig"; sourceTree = "<group>"; };
		A4283EE66148B04DDEC55C64 /* Pods-DomicileUITests.release.xcconfig */ = {isa = PBXFileReference; includeInIndex = 1; lastKnownFileType = text.xcconfig; name = "Pods-DomicileUITests.release.xcconfig"; path = "Pods/Target Support Files/Pods-DomicileUITests/Pods-DomicileUITests.release.xcconfig"; sourceTree = "<group>"; };
		CE252E8062997C05491D6691 /* Pods-Domicile.release.xcconfig */ = {isa = PBXFileReference; includeInIndex = 1; lastKnownFileType = text.xcconfig; name = "Pods-Domicile.release.xcconfig"; path = "Pods/Target Support Files/Pods-Domicile/Pods-Domicile.release.xcconfig"; sourceTree = "<group>"; };
		E227C20445CC1E777397CF05 /* Pods-DomicileTests.release.xcconfig */ = {isa = PBXFileReference; includeInIndex = 1; lastKnownFileType = text.xcconfig; name = "Pods-DomicileTests.release.xcconfig"; path = "Pods/Target Support Files/Pods-DomicileTests/Pods-DomicileTests.release.xcconfig"; sourceTree = "<group>"; };
/* End PBXFileReference section */

/* Begin PBXFrameworksBuildPhase section */
		6608CBAE20AAFD7E00DEE820 /* Frameworks */ = {
			isa = PBXFrameworksBuildPhase;
			buildActionMask = 2147483647;
			files = (
				4F00AAC41228160F85DA9B86 /* Pods_Domicile.framework in Frameworks */,
			);
			runOnlyForDeploymentPostprocessing = 0;
		};
		6608CBC220AAFD8300DEE820 /* Frameworks */ = {
			isa = PBXFrameworksBuildPhase;
			buildActionMask = 2147483647;
			files = (
				A47E97D2D0062ECD2CA0B4DF /* Pods_DomicileTests.framework in Frameworks */,
			);
			runOnlyForDeploymentPostprocessing = 0;
		};
		6608CBCD20AAFD8300DEE820 /* Frameworks */ = {
			isa = PBXFrameworksBuildPhase;
			buildActionMask = 2147483647;
			files = (
				74BFFB4A183B4BC5A4B4E271 /* Pods_DomicileUITests.framework in Frameworks */,
			);
			runOnlyForDeploymentPostprocessing = 0;
		};
/* End PBXFrameworksBuildPhase section */

/* Begin PBXGroup section */
		0FFCE84F1DF890BF80FBF5CC /* Pods */ = {
			isa = PBXGroup;
			children = (
				A0E67A0C68B834CBA4FE64C1 /* Pods-Domicile.debug.xcconfig */,
				CE252E8062997C05491D6691 /* Pods-Domicile.release.xcconfig */,
				7C9F0ED2D306531EACD72643 /* Pods-DomicileTests.debug.xcconfig */,
				E227C20445CC1E777397CF05 /* Pods-DomicileTests.release.xcconfig */,
				03363DC85AA5DC67096A1819 /* Pods-DomicileUITests.debug.xcconfig */,
				A4283EE66148B04DDEC55C64 /* Pods-DomicileUITests.release.xcconfig */,
			);
			name = Pods;
			sourceTree = "<group>";
		};
		6608CBA820AAFD7E00DEE820 = {
			isa = PBXGroup;
			children = (
				6608CBB320AAFD7E00DEE820 /* Domicile */,
				6608CBC820AAFD8300DEE820 /* DomicileTests */,
				6608CBD320AAFD8300DEE820 /* DomicileUITests */,
				6608CBB220AAFD7E00DEE820 /* Products */,
				0FFCE84F1DF890BF80FBF5CC /* Pods */,
				7B57A29B5122F6D90BECC4CC /* Frameworks */,
			);
			sourceTree = "<group>";
		};
		6608CBB220AAFD7E00DEE820 /* Products */ = {
			isa = PBXGroup;
			children = (
				6608CBB120AAFD7E00DEE820 /* Domicile.app */,
				6608CBC520AAFD8300DEE820 /* DomicileTests.xctest */,
				6608CBD020AAFD8300DEE820 /* DomicileUITests.xctest */,
			);
			name = Products;
			sourceTree = "<group>";
		};
		6608CBB320AAFD7E00DEE820 /* Domicile */ = {
			isa = PBXGroup;
			children = (
				6608CBB420AAFD7E00DEE820 /* AppDelegate.swift */,
				6608CBB620AAFD7E00DEE820 /* ViewController.swift */,
				66388F9B20B25E1100C7C92A /* TableViewController.swift */,
				66388F9D20B3B7D200C7C92A /* Model.xcdatamodeld */,
				6608CBB820AAFD7E00DEE820 /* Main.storyboard */,
				6608CBBB20AAFD8200DEE820 /* Assets.xcassets */,
				6608CBE420ABD23C00DEE820 /* GoogleService-Info.plist */,
				6608CBBD20AAFD8200DEE820 /* LaunchScreen.storyboard */,
				6608CBC020AAFD8200DEE820 /* Info.plist */,
				66388F9420B0FBB600C7C92A /* DetailView.swift */,
				66388FA020B3E37E00C7C92A /* House.swift */,
				664D125220B4031700FD604E /* ResigterViewController.swift */,
				664D125420B4072300FD604E /* AlertController.swift */,
				669FA2D820BA6CA20017AF1A /* AddEvent.swift */,
			);
			path = Domicile;
			sourceTree = "<group>";
		};
		6608CBC820AAFD8300DEE820 /* DomicileTests */ = {
			isa = PBXGroup;
			children = (
				6608CBC920AAFD8300DEE820 /* DomicileTests.swift */,
				6608CBCB20AAFD8300DEE820 /* Info.plist */,
			);
			path = DomicileTests;
			sourceTree = "<group>";
		};
		6608CBD320AAFD8300DEE820 /* DomicileUITests */ = {
			isa = PBXGroup;
			children = (
				6608CBD420AAFD8300DEE820 /* DomicileUITests.swift */,
				6608CBD620AAFD8300DEE820 /* Info.plist */,
			);
			path = DomicileUITests;
			sourceTree = "<group>";
		};
		7B57A29B5122F6D90BECC4CC /* Frameworks */ = {
			isa = PBXGroup;
			children = (
				942EC9C82A5CB36F98116B19 /* Pods_Domicile.framework */,
				446FBE8ACE4640FB16921FC8 /* Pods_DomicileTests.framework */,
				9A58745D1BDA728BFF4F94D7 /* Pods_DomicileUITests.framework */,
			);
			name = Frameworks;
			sourceTree = "<group>";
		};
/* End PBXGroup section */

/* Begin PBXNativeTarget section */
		6608CBB020AAFD7E00DEE820 /* Domicile */ = {
			isa = PBXNativeTarget;
			buildConfigurationList = 6608CBD920AAFD8300DEE820 /* Build configuration list for PBXNativeTarget "Domicile" */;
			buildPhases = (
				16B1EFCAA081BD2963F10521 /* [CP] Check Pods Manifest.lock */,
				6608CBAD20AAFD7E00DEE820 /* Sources */,
				6608CBAE20AAFD7E00DEE820 /* Frameworks */,
				6608CBAF20AAFD7E00DEE820 /* Resources */,
				F4D696AC7E353C0E68F16261 /* [CP] Embed Pods Frameworks */,
			);
			buildRules = (
			);
			dependencies = (
			);
			name = Domicile;
			productName = Domicile;
			productReference = 6608CBB120AAFD7E00DEE820 /* Domicile.app */;
			productType = "com.apple.product-type.application";
		};
		6608CBC420AAFD8300DEE820 /* DomicileTests */ = {
			isa = PBXNativeTarget;
			buildConfigurationList = 6608CBDC20AAFD8300DEE820 /* Build configuration list for PBXNativeTarget "DomicileTests" */;
			buildPhases = (
				32761554F11562A4F36E9547 /* [CP] Check Pods Manifest.lock */,
				6608CBC120AAFD8300DEE820 /* Sources */,
				6608CBC220AAFD8300DEE820 /* Frameworks */,
				6608CBC320AAFD8300DEE820 /* Resources */,
			);
			buildRules = (
			);
			dependencies = (
				6608CBC720AAFD8300DEE820 /* PBXTargetDependency */,
			);
			name = DomicileTests;
			productName = DomicileTests;
			productReference = 6608CBC520AAFD8300DEE820 /* DomicileTests.xctest */;
			productType = "com.apple.product-type.bundle.unit-test";
		};
		6608CBCF20AAFD8300DEE820 /* DomicileUITests */ = {
			isa = PBXNativeTarget;
			buildConfigurationList = 6608CBDF20AAFD8300DEE820 /* Build configuration list for PBXNativeTarget "DomicileUITests" */;
			buildPhases = (
				2F15067C6C895200C49F202A /* [CP] Check Pods Manifest.lock */,
				6608CBCC20AAFD8300DEE820 /* Sources */,
				6608CBCD20AAFD8300DEE820 /* Frameworks */,
				6608CBCE20AAFD8300DEE820 /* Resources */,
			);
			buildRules = (
			);
			dependencies = (
				6608CBD220AAFD8300DEE820 /* PBXTargetDependency */,
			);
			name = DomicileUITests;
			productName = DomicileUITests;
			productReference = 6608CBD020AAFD8300DEE820 /* DomicileUITests.xctest */;
			productType = "com.apple.product-type.bundle.ui-testing";
		};
/* End PBXNativeTarget section */

/* Begin PBXProject section */
		6608CBA920AAFD7E00DEE820 /* Project object */ = {
			isa = PBXProject;
			attributes = {
				LastSwiftUpdateCheck = 0930;
				LastUpgradeCheck = 0930;
				ORGANIZATIONNAME = "Deakin University";
				TargetAttributes = {
					6608CBB020AAFD7E00DEE820 = {
						CreatedOnToolsVersion = 9.3;
					};
					6608CBC420AAFD8300DEE820 = {
						CreatedOnToolsVersion = 9.3;
						TestTargetID = 6608CBB020AAFD7E00DEE820;
					};
					6608CBCF20AAFD8300DEE820 = {
						CreatedOnToolsVersion = 9.3;
						TestTargetID = 6608CBB020AAFD7E00DEE820;
					};
				};
			};
			buildConfigurationList = 6608CBAC20AAFD7E00DEE820 /* Build configuration list for PBXProject "Domicile" */;
			compatibilityVersion = "Xcode 9.3";
			developmentRegion = en;
			hasScannedForEncodings = 0;
			knownRegions = (
				en,
				Base,
			);
			mainGroup = 6608CBA820AAFD7E00DEE820;
			productRefGroup = 6608CBB220AAFD7E00DEE820 /* Products */;
			projectDirPath = "";
			projectRoot = "";
			targets = (
				6608CBB020AAFD7E00DEE820 /* Domicile */,
				6608CBC420AAFD8300DEE820 /* DomicileTests */,
				6608CBCF20AAFD8300DEE820 /* DomicileUITests */,
			);
		};
/* End PBXProject section */

/* Begin PBXResourcesBuildPhase section */
		6608CBAF20AAFD7E00DEE820 /* Resources */ = {
			isa = PBXResourcesBuildPhase;
			buildActionMask = 2147483647;
			files = (
				6608CBBF20AAFD8200DEE820 /* LaunchScreen.storyboard in Resources */,
				6608CBE520ABD23C00DEE820 /* GoogleService-Info.plist in Resources */,
				6608CBBC20AAFD8200DEE820 /* Assets.xcassets in Resources */,
				6608CBBA20AAFD7E00DEE820 /* Main.storyboard in Resources */,
			);
			runOnlyForDeploymentPostprocessing = 0;
		};
		6608CBC320AAFD8300DEE820 /* Resources */ = {
			isa = PBXResourcesBuildPhase;
			buildActionMask = 2147483647;
			files = (
			);
			runOnlyForDeploymentPostprocessing = 0;
		};
		6608CBCE20AAFD8300DEE820 /* Resources */ = {
			isa = PBXResourcesBuildPhase;
			buildActionMask = 2147483647;
			files = (
			);
			runOnlyForDeploymentPostprocessing = 0;
		};
/* End PBXResourcesBuildPhase section */

/* Begin PBXShellScriptBuildPhase section */
		16B1EFCAA081BD2963F10521 /* [CP] Check Pods Manifest.lock */ = {
			isa = PBXShellScriptBuildPhase;
			buildActionMask = 2147483647;
			files = (
			);
			inputPaths = (
				"${PODS_PODFILE_DIR_PATH}/Podfile.lock",
				"${PODS_ROOT}/Manifest.lock",
			);
			name = "[CP] Check Pods Manifest.lock";
			outputPaths = (
				"$(DERIVED_FILE_DIR)/Pods-Domicile-checkManifestLockResult.txt",
			);
			runOnlyForDeploymentPostprocessing = 0;
			shellPath = /bin/sh;
			shellScript = "diff \"${PODS_PODFILE_DIR_PATH}/Podfile.lock\" \"${PODS_ROOT}/Manifest.lock\" > /dev/null\nif [ $? != 0 ] ; then\n    # print error to STDERR\n    echo \"error: The sandbox is not in sync with the Podfile.lock. Run 'pod install' or update your CocoaPods installation.\" >&2\n    exit 1\nfi\n# This output is used by Xcode 'outputs' to avoid re-running this script phase.\necho \"SUCCESS\" > \"${SCRIPT_OUTPUT_FILE_0}\"\n";
			showEnvVarsInLog = 0;
		};
		2F15067C6C895200C49F202A /* [CP] Check Pods Manifest.lock */ = {
			isa = PBXShellScriptBuildPhase;
			buildActionMask = 2147483647;
			files = (
			);
			inputPaths = (
				"${PODS_PODFILE_DIR_PATH}/Podfile.lock",
				"${PODS_ROOT}/Manifest.lock",
			);
			name = "[CP] Check Pods Manifest.lock";
			outputPaths = (
				"$(DERIVED_FILE_DIR)/Pods-DomicileUITests-checkManifestLockResult.txt",
			);
			runOnlyForDeploymentPostprocessing = 0;
			shellPath = /bin/sh;
			shellScript = "diff \"${PODS_PODFILE_DIR_PATH}/Podfile.lock\" \"${PODS_ROOT}/Manifest.lock\" > /dev/null\nif [ $? != 0 ] ; then\n    # print error to STDERR\n    echo \"error: The sandbox is not in sync with the Podfile.lock. Run 'pod install' or update your CocoaPods installation.\" >&2\n    exit 1\nfi\n# This output is used by Xcode 'outputs' to avoid re-running this script phase.\necho \"SUCCESS\" > \"${SCRIPT_OUTPUT_FILE_0}\"\n";
			showEnvVarsInLog = 0;
		};
		32761554F11562A4F36E9547 /* [CP] Check Pods Manifest.lock */ = {
			isa = PBXShellScriptBuildPhase;
			buildActionMask = 2147483647;
			files = (
			);
			inputPaths = (
				"${PODS_PODFILE_DIR_PATH}/Podfile.lock",
				"${PODS_ROOT}/Manifest.lock",
			);
			name = "[CP] Check Pods Manifest.lock";
			outputPaths = (
				"$(DERIVED_FILE_DIR)/Pods-DomicileTests-checkManifestLockResult.txt",
			);
			runOnlyForDeploymentPostprocessing = 0;
			shellPath = /bin/sh;
			shellScript = "diff \"${PODS_PODFILE_DIR_PATH}/Podfile.lock\" \"${PODS_ROOT}/Manifest.lock\" > /dev/null\nif [ $? != 0 ] ; then\n    # print error to STDERR\n    echo \"error: The sandbox is not in sync with the Podfile.lock. Run 'pod install' or update your CocoaPods installation.\" >&2\n    exit 1\nfi\n# This output is used by Xcode 'outputs' to avoid re-running this script phase.\necho \"SUCCESS\" > \"${SCRIPT_OUTPUT_FILE_0}\"\n";
			showEnvVarsInLog = 0;
		};
		F4D696AC7E353C0E68F16261 /* [CP] Embed Pods Frameworks */ = {
			isa = PBXShellScriptBuildPhase;
			buildActionMask = 2147483647;
			files = (
			);
			inputPaths = (
				"${SRCROOT}/Pods/Target Support Files/Pods-Domicile/Pods-Domicile-frameworks.sh",
				"${BUILT_PRODUCTS_DIR}/GTMSessionFetcher/GTMSessionFetcher.framework",
				"${BUILT_PRODUCTS_DIR}/GoogleToolboxForMac/GoogleToolboxForMac.framework",
				"${BUILT_PRODUCTS_DIR}/leveldb-library/leveldb.framework",
				"${BUILT_PRODUCTS_DIR}/nanopb/nanopb.framework",
			);
			name = "[CP] Embed Pods Frameworks";
			outputPaths = (
				"${TARGET_BUILD_DIR}/${FRAMEWORKS_FOLDER_PATH}/GTMSessionFetcher.framework",
				"${TARGET_BUILD_DIR}/${FRAMEWORKS_FOLDER_PATH}/GoogleToolboxForMac.framework",
				"${TARGET_BUILD_DIR}/${FRAMEWORKS_FOLDER_PATH}/leveldb.framework",
				"${TARGET_BUILD_DIR}/${FRAMEWORKS_FOLDER_PATH}/nanopb.framework",
			);
			runOnlyForDeploymentPostprocessing = 0;
			shellPath = /bin/sh;
			shellScript = "\"${SRCROOT}/Pods/Target Support Files/Pods-Domicile/Pods-Domicile-frameworks.sh\"\n";
			showEnvVarsInLog = 0;
		};
/* End PBXShellScriptBuildPhase section */

/* Begin PBXSourcesBuildPhase section */
		6608CBAD20AAFD7E00DEE820 /* Sources */ = {
			isa = PBXSourcesBuildPhase;
			buildActionMask = 2147483647;
			files = (
				6608CBB720AAFD7E00DEE820 /* ViewController.swift in Sources */,
				66388F9C20B25E1100C7C92A /* TableViewController.swift in Sources */,
				6608CBB520AAFD7E00DEE820 /* AppDelegate.swift in Sources */,
				66388F9520B0FBB600C7C92A /* DetailView.swift in Sources */,
				664D125520B4072300FD604E /* AlertController.swift in Sources */,
				66388FA120B3E37E00C7C92A /* House.swift in Sources */,
				669FA2DA20BA6CA20017AF1A /* AddEvent.swift in Sources */,
				664D125320B4031700FD604E /* ResigterViewController.swift in Sources */,
				66388F9F20B3B7D200C7C92A /* Model.xcdatamodeld in Sources */,
			);
			runOnlyForDeploymentPostprocessing = 0;
		};
		6608CBC120AAFD8300DEE820 /* Sources */ = {
			isa = PBXSourcesBuildPhase;
			buildActionMask = 2147483647;
			files = (
				6608CBCA20AAFD8300DEE820 /* DomicileTests.swift in Sources */,
			);
			runOnlyForDeploymentPostprocessing = 0;
		};
		6608CBCC20AAFD8300DEE820 /* Sources */ = {
			isa = PBXSourcesBuildPhase;
			buildActionMask = 2147483647;
			files = (
				6608CBD520AAFD8300DEE820 /* DomicileUITests.swift in Sources */,
			);
			runOnlyForDeploymentPostprocessing = 0;
		};
/* End PBXSourcesBuildPhase section */

/* Begin PBXTargetDependency section */
		6608CBC720AAFD8300DEE820 /* PBXTargetDependency */ = {
			isa = PBXTargetDependency;
			target = 6608CBB020AAFD7E00DEE820 /* Domicile */;
			targetProxy = 6608CBC620AAFD8300DEE820 /* PBXContainerItemProxy */;
		};
		6608CBD220AAFD8300DEE820 /* PBXTargetDependency */ = {
			isa = PBXTargetDependency;
			target = 6608CBB020AAFD7E00DEE820 /* Domicile */;
			targetProxy = 6608CBD120AAFD8300DEE820 /* PBXContainerItemProxy */;
		};
/* End PBXTargetDependency section */

/* Begin PBXVariantGroup section */
		6608CBB820AAFD7E00DEE820 /* Main.storyboard */ = {
			isa = PBXVariantGroup;
			children = (
				6608CBB920AAFD7E00DEE820 /* Base */,
			);
			name = Main.storyboard;
			sourceTree = "<group>";
		};
		6608CBBD20AAFD8200DEE820 /* LaunchScreen.storyboard */ = {
			isa = PBXVariantGroup;
			children = (
				6608CBBE20AAFD8200DEE820 /* Base */,
			);
			name = LaunchScreen.storyboard;
			sourceTree = "<group>";
		};
/* End PBXVariantGroup section */

/* Begin XCBuildConfiguration section */
		6608CBD720AAFD8300DEE820 /* Debug */ = {
			isa = XCBuildConfiguration;
			buildSettings = {
				ALWAYS_SEARCH_USER_PATHS = NO;
				CLANG_ANALYZER_NONNULL = YES;
				CLANG_ANALYZER_NUMBER_OBJECT_CONVERSION = YES_AGGRESSIVE;
				CLANG_CXX_LANGUAGE_STANDARD = "gnu++14";
				CLANG_CXX_LIBRARY = "libc++";
				CLANG_ENABLE_MODULES = YES;
				CLANG_ENABLE_OBJC_ARC = YES;
				CLANG_ENABLE_OBJC_WEAK = YES;
				CLANG_WARN_BLOCK_CAPTURE_AUTORELEASING = YES;
				CLANG_WARN_BOOL_CONVERSION = YES;
				CLANG_WARN_COMMA = YES;
				CLANG_WARN_CONSTANT_CONVERSION = YES;
				CLANG_WARN_DEPRECATED_OBJC_IMPLEMENTATIONS = YES;
				CLANG_WARN_DIRECT_OBJC_ISA_USAGE = YES_ERROR;
				CLANG_WARN_DOCUMENTATION_COMMENTS = YES;
				CLANG_WARN_EMPTY_BODY = YES;
				CLANG_WARN_ENUM_CONVERSION = YES;
				CLANG_WARN_INFINITE_RECURSION = YES;
				CLANG_WARN_INT_CONVERSION = YES;
				CLANG_WARN_NON_LITERAL_NULL_CONVERSION = YES;
				CLANG_WARN_OBJC_IMPLICIT_RETAIN_SELF = YES;
				CLANG_WARN_OBJC_LITERAL_CONVERSION = YES;
				CLANG_WARN_OBJC_ROOT_CLASS = YES_ERROR;
				CLANG_WARN_RANGE_LOOP_ANALYSIS = YES;
				CLANG_WARN_STRICT_PROTOTYPES = YES;
				CLANG_WARN_SUSPICIOUS_MOVE = YES;
				CLANG_WARN_UNGUARDED_AVAILABILITY = YES_AGGRESSIVE;
				CLANG_WARN_UNREACHABLE_CODE = YES;
				CLANG_WARN__DUPLICATE_METHOD_MATCH = YES;
				CODE_SIGN_IDENTITY = "iPhone Developer";
				COPY_PHASE_STRIP = NO;
				DEBUG_INFORMATION_FORMAT = dwarf;
				ENABLE_STRICT_OBJC_MSGSEND = YES;
				ENABLE_TESTABILITY = YES;
				GCC_C_LANGUAGE_STANDARD = gnu11;
				GCC_DYNAMIC_NO_PIC = NO;
				GCC_NO_COMMON_BLOCKS = YES;
				GCC_OPTIMIZATION_LEVEL = 0;
				GCC_PREPROCESSOR_DEFINITIONS = (
					"DEBUG=1",
					"$(inherited)",
				);
				GCC_WARN_64_TO_32_BIT_CONVERSION = YES;
				GCC_WARN_ABOUT_RETURN_TYPE = YES_ERROR;
				GCC_WARN_UNDECLARED_SELECTOR = YES;
				GCC_WARN_UNINITIALIZED_AUTOS = YES_AGGRESSIVE;
				GCC_WARN_UNUSED_FUNCTION = YES;
				GCC_WARN_UNUSED_VARIABLE = YES;
				IPHONEOS_DEPLOYMENT_TARGET = 11.3;
				MTL_ENABLE_DEBUG_INFO = YES;
				ONLY_ACTIVE_ARCH = YES;
				SDKROOT = iphoneos;
				SWIFT_ACTIVE_COMPILATION_CONDITIONS = DEBUG;
				SWIFT_OPTIMIZATION_LEVEL = "-Onone";
			};
			name = Debug;
		};
		6608CBD820AAFD8300DEE820 /* Release */ = {
			isa = XCBuildConfiguration;
			buildSettings = {
				ALWAYS_SEARCH_USER_PATHS = NO;
				CLANG_ANALYZER_NONNULL = YES;
				CLANG_ANALYZER_NUMBER_OBJECT_CONVERSION = YES_AGGRESSIVE;
				CLANG_CXX_LANGUAGE_STANDARD = "gnu++14";
				CLANG_CXX_LIBRARY = "libc++";
				CLANG_ENABLE_MODULES = YES;
				CLANG_ENABLE_OBJC_ARC = YES;
				CLANG_ENABLE_OBJC_WEAK = YES;
				CLANG_WARN_BLOCK_CAPTURE_AUTORELEASING = YES;
				CLANG_WARN_BOOL_CONVERSION = YES;
				CLANG_WARN_COMMA = YES;
				CLANG_WARN_CONSTANT_CONVERSION = YES;
				CLANG_WARN_DEPRECATED_OBJC_IMPLEMENTATIONS = YES;
				CLANG_WARN_DIRECT_OBJC_ISA_USAGE = YES_ERROR;
				CLANG_WARN_DOCUMENTATION_COMMENTS = YES;
				CLANG_WARN_EMPTY_BODY = YES;
				CLANG_WARN_ENUM_CONVERSION = YES;
				CLANG_WARN_INFINITE_RECURSION = YES;
				CLANG_WARN_INT_CONVERSION = YES;
				CLANG_WARN_NON_LITERAL_NULL_CONVERSION = YES;
				CLANG_WARN_OBJC_IMPLICIT_RETAIN_SELF = YES;
				CLANG_WARN_OBJC_LITERAL_CONVERSION = YES;
				CLANG_WARN_OBJC_ROOT_CLASS = YES_ERROR;
				CLANG_WARN_RANGE_LOOP_ANALYSIS = YES;
				CLANG_WARN_STRICT_PROTOTYPES = YES;
				CLANG_WARN_SUSPICIOUS_MOVE = YES;
				CLANG_WARN_UNGUARDED_AVAILABILITY = YES_AGGRESSIVE;
				CLANG_WARN_UNREACHABLE_CODE = YES;
				CLANG_WARN__DUPLICATE_METHOD_MATCH = YES;
				CODE_SIGN_IDENTITY = "iPhone Developer";
				COPY_PHASE_STRIP = NO;
				DEBUG_INFORMATION_FORMAT = "dwarf-with-dsym";
				ENABLE_NS_ASSERTIONS = NO;
				ENABLE_STRICT_OBJC_MSGSEND = YES;
				GCC_C_LANGUAGE_STANDARD = gnu11;
				GCC_NO_COMMON_BLOCKS = YES;
				GCC_WARN_64_TO_32_BIT_CONVERSION = YES;
				GCC_WARN_ABOUT_RETURN_TYPE = YES_ERROR;
				GCC_WARN_UNDECLARED_SELECTOR = YES;
				GCC_WARN_UNINITIALIZED_AUTOS = YES_AGGRESSIVE;
				GCC_WARN_UNUSED_FUNCTION = YES;
				GCC_WARN_UNUSED_VARIABLE = YES;
				IPHONEOS_DEPLOYMENT_TARGET = 11.3;
				MTL_ENABLE_DEBUG_INFO = NO;
				SDKROOT = iphoneos;
				SWIFT_COMPILATION_MODE = wholemodule;
				SWIFT_OPTIMIZATION_LEVEL = "-O";
				VALIDATE_PRODUCT = YES;
			};
			name = Release;
		};
		6608CBDA20AAFD8300DEE820 /* Debug */ = {
			isa = XCBuildConfiguration;
			baseConfigurationReference = A0E67A0C68B834CBA4FE64C1 /* Pods-Domicile.debug.xcconfig */;
			buildSettings = {
				ASSETCATALOG_COMPILER_APPICON_NAME = AppIcon;
				CODE_SIGN_STYLE = Automatic;
				DEVELOPMENT_TEAM = 24SM6522LU;
				INFOPLIST_FILE = Domicile/Info.plist;
				LD_RUNPATH_SEARCH_PATHS = (
					"$(inherited)",
					"@executable_path/Frameworks",
				);
				PRODUCT_BUNDLE_IDENTIFIER = Deakin.Domicile;
				PRODUCT_NAME = "$(TARGET_NAME)";
				SWIFT_VERSION = 4.0;
				TARGETED_DEVICE_FAMILY = "1,2";
			};
			name = Debug;
		};
		6608CBDB20AAFD8300DEE820 /* Release */ = {
			isa = XCBuildConfiguration;
			baseConfigurationReference = CE252E8062997C05491D6691 /* Pods-Domicile.release.xcconfig */;
			buildSettings = {
				ASSETCATALOG_COMPILER_APPICON_NAME = AppIcon;
				CODE_SIGN_STYLE = Automatic;
				DEVELOPMENT_TEAM = 24SM6522LU;
				INFOPLIST_FILE = Domicile/Info.plist;
				LD_RUNPATH_SEARCH_PATHS = (
					"$(inherited)",
					"@executable_path/Frameworks",
				);
				PRODUCT_BUNDLE_IDENTIFIER = Deakin.Domicile;
				PRODUCT_NAME = "$(TARGET_NAME)";
				SWIFT_VERSION = 4.0;
				TARGETED_DEVICE_FAMILY = "1,2";
			};
			name = Release;
		};
		6608CBDD20AAFD8300DEE820 /* Debug */ = {
			isa = XCBuildConfiguration;
			baseConfigurationReference = 7C9F0ED2D306531EACD72643 /* Pods-DomicileTests.debug.xcconfig */;
			buildSettings = {
				ALWAYS_EMBED_SWIFT_STANDARD_LIBRARIES = YES;
				BUNDLE_LOADER = "$(TEST_HOST)";
				CODE_SIGN_STYLE = Automatic;
				DEVELOPMENT_TEAM = 24SM6522LU;
				INFOPLIST_FILE = DomicileTests/Info.plist;
				LD_RUNPATH_SEARCH_PATHS = (
					"$(inherited)",
					"@executable_path/Frameworks",
					"@loader_path/Frameworks",
				);
				PRODUCT_BUNDLE_IDENTIFIER = Deakin.DomicileTests;
				PRODUCT_NAME = "$(TARGET_NAME)";
				SWIFT_VERSION = 4.0;
				TARGETED_DEVICE_FAMILY = "1,2";
				TEST_HOST = "$(BUILT_PRODUCTS_DIR)/Domicile.app/Domicile";
			};
			name = Debug;
		};
		6608CBDE20AAFD8300DEE820 /* Release */ = {
			isa = XCBuildConfiguration;
			baseConfigurationReference = E227C20445CC1E777397CF05 /* Pods-DomicileTests.release.xcconfig */;
			buildSettings = {
				ALWAYS_EMBED_SWIFT_STANDARD_LIBRARIES = YES;
				BUNDLE_LOADER = "$(TEST_HOST)";
				CODE_SIGN_STYLE = Automatic;
				DEVELOPMENT_TEAM = 24SM6522LU;
				INFOPLIST_FILE = DomicileTests/Info.plist;
				LD_RUNPATH_SEARCH_PATHS = (
					"$(inherited)",
					"@executable_path/Frameworks",
					"@loader_path/Frameworks",
				);
				PRODUCT_BUNDLE_IDENTIFIER = Deakin.DomicileTests;
				PRODUCT_NAME = "$(TARGET_NAME)";
				SWIFT_VERSION = 4.0;
				TARGETED_DEVICE_FAMILY = "1,2";
				TEST_HOST = "$(BUILT_PRODUCTS_DIR)/Domicile.app/Domicile";
			};
			name = Release;
		};
		6608CBE020AAFD8300DEE820 /* Debug */ = {
			isa = XCBuildConfiguration;
			baseConfigurationReference = 03363DC85AA5DC67096A1819 /* Pods-DomicileUITests.debug.xcconfig */;
			buildSettings = {
				ALWAYS_EMBED_SWIFT_STANDARD_LIBRARIES = YES;
				CODE_SIGN_STYLE = Automatic;
				DEVELOPMENT_TEAM = 24SM6522LU;
				INFOPLIST_FILE = DomicileUITests/Info.plist;
				LD_RUNPATH_SEARCH_PATHS = (
					"$(inherited)",
					"@executable_path/Frameworks",
					"@loader_path/Frameworks",
				);
				PRODUCT_BUNDLE_IDENTIFIER = Deakin.DomicileUITests;
				PRODUCT_NAME = "$(TARGET_NAME)";
				SWIFT_VERSION = 4.0;
				TARGETED_DEVICE_FAMILY = "1,2";
				TEST_TARGET_NAME = Domicile;
			};
			name = Debug;
		};
		6608CBE120AAFD8300DEE820 /* Release */ = {
			isa = XCBuildConfiguration;
			baseConfigurationReference = A4283EE66148B04DDEC55C64 /* Pods-DomicileUITests.release.xcconfig */;
			buildSettings = {
				ALWAYS_EMBED_SWIFT_STANDARD_LIBRARIES = YES;
				CODE_SIGN_STYLE = Automatic;
				DEVELOPMENT_TEAM = 24SM6522LU;
				INFOPLIST_FILE = DomicileUITests/Info.plist;
				LD_RUNPATH_SEARCH_PATHS = (
					"$(inherited)",
					"@executable_path/Frameworks",
					"@loader_path/Frameworks",
				);
				PRODUCT_BUNDLE_IDENTIFIER = Deakin.DomicileUITests;
				PRODUCT_NAME = "$(TARGET_NAME)";
				SWIFT_VERSION = 4.0;
				TARGETED_DEVICE_FAMILY = "1,2";
				TEST_TARGET_NAME = Domicile;
			};
			name = Release;
		};
/* End XCBuildConfiguration section */

/* Begin XCConfigurationList section */
		6608CBAC20AAFD7E00DEE820 /* Build configuration list for PBXProject "Domicile" */ = {
			isa = XCConfigurationList;
			buildConfigurations = (
				6608CBD720AAFD8300DEE820 /* Debug */,
				6608CBD820AAFD8300DEE820 /* Release */,
			);
			defaultConfigurationIsVisible = 0;
			defaultConfigurationName = Release;
		};
		6608CBD920AAFD8300DEE820 /* Build configuration list for PBXNativeTarget "Domicile" */ = {
			isa = XCConfigurationList;
			buildConfigurations = (
				6608CBDA20AAFD8300DEE820 /* Debug */,
				6608CBDB20AAFD8300DEE820 /* Release */,
			);
			defaultConfigurationIsVisible = 0;
			defaultConfigurationName = Release;
		};
		6608CBDC20AAFD8300DEE820 /* Build configuration list for PBXNativeTarget "DomicileTests" */ = {
			isa = XCConfigurationList;
			buildConfigurations = (
				6608CBDD20AAFD8300DEE820 /* Debug */,
				6608CBDE20AAFD8300DEE820 /* Release */,
			);
			defaultConfigurationIsVisible = 0;
			defaultConfigurationName = Release;
		};
		6608CBDF20AAFD8300DEE820 /* Build configuration list for PBXNativeTarget "DomicileUITests" */ = {
			isa = XCConfigurationList;
			buildConfigurations = (
				6608CBE020AAFD8300DEE820 /* Debug */,
				6608CBE120AAFD8300DEE820 /* Release */,
			);
			defaultConfigurationIsVisible = 0;
			defaultConfigurationName = Release;
		};
/* End XCConfigurationList section */

/* Begin XCVersionGroup section */
		66388F9D20B3B7D200C7C92A /* Model.xcdatamodeld */ = {
			isa = XCVersionGroup;
			children = (
				66388F9E20B3B7D200C7C92A /* Model.xcdatamodel */,
			);
			currentVersion = 66388F9E20B3B7D200C7C92A /* Model.xcdatamodel */;
			path = Model.xcdatamodeld;
			sourceTree = "<group>";
			versionGroupType = wrapper.xcdatamodel;
		};
/* End XCVersionGroup section */
	};
	rootObject = 6608CBA920AAFD7E00DEE820 /* Project object */;
}
